Microsoft Visual Studio Solution File, Format Version 12.00
# Visual Studio Version 17
VisualStudioVersion = 17.5.2.0
MinimumVisualStudioVersion = 10.0.40219.1
Project("{2150E333-8FDC-42A3-9474-1A3956D46DE8}") = "common", "common", "{881589EE-639B-0A35-DBCE-5D94E4FC90C0}"
EndProject
Project("{FAE04EC0-301F-11D3-BF4B-00C04F79EFBC}") = "MyVGLib", "common\MyVGLib\MyVGLib.csproj", "{01F39589-2BCD-FAC6-D8E8-606C2DF2734B}"
EndProject
Global
	GlobalSection(SolutionConfigurationPlatforms) = preSolution
		Debug|Any CPU = Debug|Any CPU
		Release|Any CPU = Release|Any CPU
	EndGlobalSection
	GlobalSection(ProjectConfigurationPlatforms) = postSolution
		{01F39589-2BCD-FAC6-D8E8-606C2DF2734B}.Debug|Any CPU.ActiveCfg = Debug|Any CPU
		{01F39589-2BCD-FAC6-D8E8-606C2DF2734B}.Debug|Any CPU.Build.0 = Debug|Any CPU
		{01F39589-2BCD-FAC6-D8E8-606C2DF2734B}.Release|Any CPU.ActiveCfg = Release|Any CPU
		{01F39589-2BCD-FAC6-D8E8-606C2DF2734B}.Release|Any CPU.Build.0 = Release|Any CPU
	EndGlobalSection
	GlobalSection(SolutionProperties) = preSolution
		HideSolutionNode = FALSE
	EndGlobalSection
	GlobalSection(NestedProjects) = preSolution
		{01F39589-2BCD-FAC6-D8E8-606C2DF2734B} = {881589EE-639B-0A35-DBCE-5D94E4FC90C0}
	EndGlobalSection
	GlobalSection(ExtensibilityGlobals) = postSolution
		SolutionGuid = {D8ED95F6-0188-467A-B2EB-3D1B73CA7444}
	EndGlobalSection
EndGlobal
